// !$*UTF8*$!
{
	archiveVersion = 1;
	classes = {
	};
	objectVersion = 48;
	objects = {

/* Begin PBXBuildFile section */
		50EC09AE52FF8A87BC725D50 /* libPods-ZF_NBA.a in Frameworks */ = {isa = PBXBuildFile; fileRef = E56318759BB532D543513BCD /* libPods-ZF_NBA.a */; };
		BF3A9CB81FD9F274000987F3 /* ZFFootSubTableViewCell.m in Sources */ = {isa = PBXBuildFile; fileRef = BF3A9CB61FD9F274000987F3 /* ZFFootSubTableViewCell.m */; };
		BF3A9CB91FD9F274000987F3 /* ZFFootSubTableViewCell.xib in Resources */ = {isa = PBXBuildFile; fileRef = BF3A9CB71FD9F274000987F3 /* ZFFootSubTableViewCell.xib */; };
		BF3A9CBD1FD9FEB3000987F3 /* ZFFootsubTableViewCell4.m in Sources */ = {isa = PBXBuildFile; fileRef = BF3A9CBB1FD9FEB3000987F3 /* ZFFootsubTableViewCell4.m */; };
		BF3A9CBE1FD9FEB3000987F3 /* ZFFootsubTableViewCell4.xib in Resources */ = {isa = PBXBuildFile; fileRef = BF3A9CBC1FD9FEB3000987F3 /* ZFFootsubTableViewCell4.xib */; };
		BFA880E51FD8639A004B4F57 /* ZFVideoViewController.m in Sources */ = {isa = PBXBuildFile; fileRef = BFA880E31FD8639A004B4F57 /* ZFVideoViewController.m */; };
		BFA880E61FD8639A004B4F57 /* ZFVideoViewController.xib in Resources */ = {isa = PBXBuildFile; fileRef = BFA880E41FD8639A004B4F57 /* ZFVideoViewController.xib */; };
		BFA880EE1FD868BD004B4F57 /* ZFTeamModel.m in Sources */ = {isa = PBXBuildFile; fileRef = BFA880ED1FD868BD004B4F57 /* ZFTeamModel.m */; };
		BFA880F11FD868FF004B4F57 /* ZFAreaModel.m in Sources */ = {isa = PBXBuildFile; fileRef = BFA880F01FD868FF004B4F57 /* ZFAreaModel.m */; };
		BFA880F51FD87327004B4F57 /* ZFGameNbaTableViewCell.m in Sources */ = {isa = PBXBuildFile; fileRef = BFA880F31FD87327004B4F57 /* ZFGameNbaTableViewCell.m */; };
		BFA880F61FD87327004B4F57 /* ZFGameNbaTableViewCell.xib in Resources */ = {isa = PBXBuildFile; fileRef = BFA880F41FD87327004B4F57 /* ZFGameNbaTableViewCell.xib */; };
		BFA880FA1FD876EB004B4F57 /* ZFNabDetailViewController.m in Sources */ = {isa = PBXBuildFile; fileRef = BFA880F81FD876EB004B4F57 /* ZFNabDetailViewController.m */; };
		BFA880FB1FD876EB004B4F57 /* ZFNabDetailViewController.xib in Resources */ = {isa = PBXBuildFile; fileRef = BFA880F91FD876EB004B4F57 /* ZFNabDetailViewController.xib */; };
		BFA880FF1FD876FB004B4F57 /* ZFFootDetailViewController.m in Sources */ = {isa = PBXBuildFile; fileRef = BFA880FD1FD876FB004B4F57 /* ZFFootDetailViewController.m */; };
		BFA881001FD876FB004B4F57 /* ZFFootDetailViewController.xib in Resources */ = {isa = PBXBuildFile; fileRef = BFA880FE1FD876FB004B4F57 /* ZFFootDetailViewController.xib */; };
		BFA881021FD87AE4004B4F57 /* Team_Logo.json in Resources */ = {isa = PBXBuildFile; fileRef = BFA881011FD87AE4004B4F57 /* Team_Logo.json */; };
		BFA881041FD87EEC004B4F57 /* foot.json in Resources */ = {isa = PBXBuildFile; fileRef = BFA881031FD87EEC004B4F57 /* foot.json */; };
		BFA881071FD88334004B4F57 /* ZFFootModel.m in Sources */ = {isa = PBXBuildFile; fileRef = BFA881061FD88334004B4F57 /* ZFFootModel.m */; };
		BFA8810B1FD88377004B4F57 /* ZFGameFootTableViewCell.m in Sources */ = {isa = PBXBuildFile; fileRef = BFA881091FD88377004B4F57 /* ZFGameFootTableViewCell.m */; };
		BFA8810C1FD88377004B4F57 /* ZFGameFootTableViewCell.xib in Resources */ = {isa = PBXBuildFile; fileRef = BFA8810A1FD88377004B4F57 /* ZFGameFootTableViewCell.xib */; };
		BFA8810F1FD8A39E004B4F57 /* ZFNbaDetail.m in Sources */ = {isa = PBXBuildFile; fileRef = BFA8810E1FD8A39E004B4F57 /* ZFNbaDetail.m */; };
		BFA881131FD8AAC2004B4F57 /* ZFNbaDetailTableViewCell.m in Sources */ = {isa = PBXBuildFile; fileRef = BFA881111FD8AAC2004B4F57 /* ZFNbaDetailTableViewCell.m */; };
		BFA881141FD8AAC2004B4F57 /* ZFNbaDetailTableViewCell.xib in Resources */ = {isa = PBXBuildFile; fileRef = BFA881121FD8AAC2004B4F57 /* ZFNbaDetailTableViewCell.xib */; };
		BFA881171FD8B6F8004B4F57 /* ZFDetailHeaderView.m in Sources */ = {isa = PBXBuildFile; fileRef = BFA881161FD8B6F8004B4F57 /* ZFDetailHeaderView.m */; };
		BFA881191FD8B718004B4F57 /* ZFDetailHeaderView.xib in Resources */ = {isa = PBXBuildFile; fileRef = BFA881181FD8B718004B4F57 /* ZFDetailHeaderView.xib */; };
		BFA8811E1FD8BE76004B4F57 /* ZFFootSubViewController1.m in Sources */ = {isa = PBXBuildFile; fileRef = BFA8811C1FD8BE76004B4F57 /* ZFFootSubViewController1.m */; };
		BFA8811F1FD8BE76004B4F57 /* ZFFootSubViewController1.xib in Resources */ = {isa = PBXBuildFile; fileRef = BFA8811D1FD8BE76004B4F57 /* ZFFootSubViewController1.xib */; };
		BFA881231FD8BE91004B4F57 /* ZFFootSubViewController2.m in Sources */ = {isa = PBXBuildFile; fileRef = BFA881211FD8BE91004B4F57 /* ZFFootSubViewController2.m */; };
		BFA881241FD8BE91004B4F57 /* ZFFootSubViewController2.xib in Resources */ = {isa = PBXBuildFile; fileRef = BFA881221FD8BE91004B4F57 /* ZFFootSubViewController2.xib */; };
		BFA8812D1FD8BEC3004B4F57 /* ZFFootSubViewController4.m in Sources */ = {isa = PBXBuildFile; fileRef = BFA8812B1FD8BEC3004B4F57 /* ZFFootSubViewController4.m */; };
		BFA8812E1FD8BEC3004B4F57 /* ZFFootSubViewController4.xib in Resources */ = {isa = PBXBuildFile; fileRef = BFA8812C1FD8BEC3004B4F57 /* ZFFootSubViewController4.xib */; };
		BFA881351FD8C3FA004B4F57 /* ZFFootSubModel.m in Sources */ = {isa = PBXBuildFile; fileRef = BFA881341FD8C3FA004B4F57 /* ZFFootSubModel.m */; };
		BFA881381FD8CC82004B4F57 /* ZFFootSubModel4.m in Sources */ = {isa = PBXBuildFile; fileRef = BFA881371FD8CC82004B4F57 /* ZFFootSubModel4.m */; };
		BFB51CAB1FD7346700A953B4 /* ZFHomeNbaViewController.m in Sources */ = {isa = PBXBuildFile; fileRef = BFB51CA91FD7346700A953B4 /* ZFHomeNbaViewController.m */; };
		BFB51CAC1FD7346700A953B4 /* ZFHomeNbaViewController.xib in Resources */ = {isa = PBXBuildFile; fileRef = BFB51CAA1FD7346700A953B4 /* ZFHomeNbaViewController.xib */; };
		BFB51CB71FD758BF00A953B4 /* ZFNetWorkCacheTool.m in Sources */ = {isa = PBXBuildFile; fileRef = BFB51CB61FD758BF00A953B4 /* ZFNetWorkCacheTool.m */; };
		BFB51CBB1FD759B300A953B4 /* ZFHomeNbaCell.m in Sources */ = {isa = PBXBuildFile; fileRef = BFB51CB91FD759B300A953B4 /* ZFHomeNbaCell.m */; };
		BFB51CBC1FD759B300A953B4 /* ZFHomeNbaCell.xib in Resources */ = {isa = PBXBuildFile; fileRef = BFB51CBA1FD759B300A953B4 /* ZFHomeNbaCell.xib */; };
		BFB51CBF1FD759D700A953B4 /* ZFHomeNbaHeaerView.m in Sources */ = {isa = PBXBuildFile; fileRef = BFB51CBE1FD759D700A953B4 /* ZFHomeNbaHeaerView.m */; };
		BFB51CC11FD759EB00A953B4 /* ZFHomeNbaHeaerView.xib in Resources */ = {isa = PBXBuildFile; fileRef = BFB51CC01FD759EB00A953B4 /* ZFHomeNbaHeaerView.xib */; };
		BFB51CC41FD7602F00A953B4 /* ZFHomeModel.m in Sources */ = {isa = PBXBuildFile; fileRef = BFB51CC31FD7602F00A953B4 /* ZFHomeModel.m */; };
		BFB51CC71FD7631500A953B4 /* ZFLiveModel.m in Sources */ = {isa = PBXBuildFile; fileRef = BFB51CC61FD7631500A953B4 /* ZFLiveModel.m */; };
		BFB51CD21FD7765400A953B4 /* SGPageContentScrollView.m in Sources */ = {isa = PBXBuildFile; fileRef = BFB51CC81FD7765300A953B4 /* SGPageContentScrollView.m */; };
		BFB51CD31FD7765400A953B4 /* SGPageTitleView.m in Sources */ = {isa = PBXBuildFile; fileRef = BFB51CC91FD7765300A953B4 /* SGPageTitleView.m */; };
		BFB51CD41FD7765400A953B4 /* SGPageContentView.m in Sources */ = {isa = PBXBuildFile; fileRef = BFB51CCA1FD7765300A953B4 /* SGPageContentView.m */; };
		BFB51CD51FD7765400A953B4 /* UIView+SGFrame.m in Sources */ = {isa = PBXBuildFile; fileRef = BFB51CD01FD7765400A953B4 /* UIView+SGFrame.m */; };
		BFB51CD61FD7765400A953B4 /* SGPageTitleViewConfigure.m in Sources */ = {isa = PBXBuildFile; fileRef = BFB51CD11FD7765400A953B4 /* SGPageTitleViewConfigure.m */; };
		BFB51CDD1FD78AFB00A953B4 /* ZFHomeNbaViewController0.m in Sources */ = {isa = PBXBuildFile; fileRef = BFB51CD81FD78AFA00A953B4 /* ZFHomeNbaViewController0.m */; };
		BFB51CDE1FD78AFB00A953B4 /* ZFHomeNbaViewController2.m in Sources */ = {isa = PBXBuildFile; fileRef = BFB51CD91FD78AFA00A953B4 /* ZFHomeNbaViewController2.m */; };
		BFB51CDF1FD78AFB00A953B4 /* ZFHomeNbaViewController0.xib in Resources */ = {isa = PBXBuildFile; fileRef = BFB51CDA1FD78AFB00A953B4 /* ZFHomeNbaViewController0.xib */; };
		BFB51CE01FD78AFB00A953B4 /* ZFHomeNbaViewController2.xib in Resources */ = {isa = PBXBuildFile; fileRef = BFB51CDB1FD78AFB00A953B4 /* ZFHomeNbaViewController2.xib */; };
		BFD6C9BB1FD5C5CF0056CC20 /* AppDelegate.m in Sources */ = {isa = PBXBuildFile; fileRef = BFD6C9BA1FD5C5CF0056CC20 /* AppDelegate.m */; };
		BFD6C9C11FD5C5CF0056CC20 /* Main.storyboard in Resources */ = {isa = PBXBuildFile; fileRef = BFD6C9BF1FD5C5CF0056CC20 /* Main.storyboard */; };
		BFD6C9C31FD5C5CF0056CC20 /* Assets.xcassets in Resources */ = {isa = PBXBuildFile; fileRef = BFD6C9C21FD5C5CF0056CC20 /* Assets.xcassets */; };
		BFD6C9C61FD5C5CF0056CC20 /* LaunchScreen.storyboard in Resources */ = {isa = PBXBuildFile; fileRef = BFD6C9C41FD5C5CF0056CC20 /* LaunchScreen.storyboard */; };
		BFD6C9C91FD5C5CF0056CC20 /* main.m in Sources */ = {isa = PBXBuildFile; fileRef = BFD6C9C81FD5C5CF0056CC20 /* main.m */; };
		BFD6C9E11FD5CC960056CC20 /* ZFTabBarControllerViewController.m in Sources */ = {isa = PBXBuildFile; fileRef = BFD6C9E01FD5CC960056CC20 /* ZFTabBarControllerViewController.m */; };
		BFD6C9E41FD5CCAC0056CC20 /* ZFNavigationController.m in Sources */ = {isa = PBXBuildFile; fileRef = BFD6C9E31FD5CCAC0056CC20 /* ZFNavigationController.m */; };
		BFD6C9ED1FD5CD1B0056CC20 /* ZFNbaViewController.m in Sources */ = {isa = PBXBuildFile; fileRef = BFD6C9EB1FD5CD1B0056CC20 /* ZFNbaViewController.m */; };
		BFD6C9EE1FD5CD1B0056CC20 /* ZFNbaViewController.xib in Resources */ = {isa = PBXBuildFile; fileRef = BFD6C9EC1FD5CD1B0056CC20 /* ZFNbaViewController.xib */; };
		BFD6C9F21FD5CD6E0056CC20 /* ZFFootViewController.m in Sources */ = {isa = PBXBuildFile; fileRef = BFD6C9F01FD5CD6E0056CC20 /* ZFFootViewController.m */; };
		BFD6C9F31FD5CD6E0056CC20 /* ZFFootViewController.xib in Resources */ = {isa = PBXBuildFile; fileRef = BFD6C9F11FD5CD6E0056CC20 /* ZFFootViewController.xib */; };
		BFD6C9F71FD5CD8A0056CC20 /* ZFGameViewController.m in Sources */ = {isa = PBXBuildFile; fileRef = BFD6C9F51FD5CD8A0056CC20 /* ZFGameViewController.m */; };
		BFD6C9F81FD5CD8A0056CC20 /* ZFGameViewController.xib in Resources */ = {isa = PBXBuildFile; fileRef = BFD6C9F61FD5CD8A0056CC20 /* ZFGameViewController.xib */; };
		BFD6C9FC1FD5CD990056CC20 /* ZFHomeViewController.m in Sources */ = {isa = PBXBuildFile; fileRef = BFD6C9FA1FD5CD990056CC20 /* ZFHomeViewController.m */; };
		BFD6C9FD1FD5CD990056CC20 /* ZFHomeViewController.xib in Resources */ = {isa = PBXBuildFile; fileRef = BFD6C9FB1FD5CD990056CC20 /* ZFHomeViewController.xib */; };
		BFD6CA041FD5CE620056CC20 /* ZFSettingViewController.m in Sources */ = {isa = PBXBuildFile; fileRef = BFD6CA031FD5CE620056CC20 /* ZFSettingViewController.m */; };
		BFD6CA0C1FD5CFAF0056CC20 /* ZFWelcomeViewController.m in Sources */ = {isa = PBXBuildFile; fileRef = BFD6CA0A1FD5CFAF0056CC20 /* ZFWelcomeViewController.m */; };
		BFD6CA0D1FD5CFAF0056CC20 /* ZFWelcomeViewController.xib in Resources */ = {isa = PBXBuildFile; fileRef = BFD6CA0B1FD5CFAF0056CC20 /* ZFWelcomeViewController.xib */; };
		BFD6CA101FD5E33B0056CC20 /* ZFSegmentView.m in Sources */ = {isa = PBXBuildFile; fileRef = BFD6CA0F1FD5E33B0056CC20 /* ZFSegmentView.m */; };
/* End PBXBuildFile section */

/* Begin PBXFileReference section */
		61BC4258355CE30D47BB43CD /* Pods-ZF_NBA.debug.xcconfig */ = {isa = PBXFileReference; includeInIndex = 1; lastKnownFileType = text.xcconfig; name = "Pods-ZF_NBA.debug.xcconfig"; path = "Pods/Target Support Files/Pods-ZF_NBA/Pods-ZF_NBA.debug.xcconfig"; sourceTree = "<group>"; };
		BF3A9CB51FD9F274000987F3 /* ZFFootSubTableViewCell.h */ = {isa = PBXFileReference; lastKnownFileType = sourcecode.c.h; path = ZFFootSubTableViewCell.h; sourceTree = "<group>"; };
		BF3A9CB61FD9F274000987F3 /* ZFFootSubTableViewCell.m */ = {isa = PBXFileReference; lastKnownFileType = sourcecode.c.objc; path = ZFFootSubTableViewCell.m; sourceTree = "<group>"; };
		BF3A9CB71FD9F274000987F3 /* ZFFootSubTableViewCell.xib */ = {isa = PBXFileReference; lastKnownFileType = file.xib; path = ZFFootSubTableViewCell.xib; sourceTree = "<group>"; };
		BF3A9CBA1FD9FEB3000987F3 /* ZFFootsubTableViewCell4.h */ = {isa = PBXFileReference; lastKnownFileType = sourcecode.c.h; path = ZFFootsubTableViewCell4.h; sourceTree = "<group>"; };
		BF3A9CBB1FD9FEB3000987F3 /* ZFFootsubTableViewCell4.m */ = {isa = PBXFileReference; lastKnownFileType = sourcecode.c.objc; path = ZFFootsubTableViewCell4.m; sourceTree = "<group>"; };
		BF3A9CBC1FD9FEB3000987F3 /* ZFFootsubTableViewCell4.xib */ = {isa = PBXFileReference; lastKnownFileType = file.xib; path = ZFFootsubTableViewCell4.xib; sourceTree = "<group>"; };
		BFA880E21FD8639A004B4F57 /* ZFVideoViewController.h */ = {isa = PBXFileReference; lastKnownFileType = sourcecode.c.h; path = ZFVideoViewController.h; sourceTree = "<group>"; };
		BFA880E31FD8639A004B4F57 /* ZFVideoViewController.m */ = {isa = PBXFileReference; lastKnownFileType = sourcecode.c.objc; path = ZFVideoViewController.m; sourceTree = "<group>"; };
		BFA880E41FD8639A004B4F57 /* ZFVideoViewController.xib */ = {isa = PBXFileReference; lastKnownFileType = file.xib; path = ZFVideoViewController.xib; sourceTree = "<group>"; };
		BFA880EC1FD868BD004B4F57 /* ZFTeamModel.h */ = {isa = PBXFileReference; lastKnownFileType = sourcecode.c.h; path = ZFTeamModel.h; sourceTree = "<group>"; };
		BFA880ED1FD868BD004B4F57 /* ZFTeamModel.m */ = {isa = PBXFileReference; lastKnownFileType = sourcecode.c.objc; path = ZFTeamModel.m; sourceTree = "<group>"; };
		BFA880EF1FD868FF004B4F57 /* ZFAreaModel.h */ = {isa = PBXFileReference; lastKnownFileType = sourcecode.c.h; path = ZFAreaModel.h; sourceTree = "<group>"; };
		BFA880F01FD868FF004B4F57 /* ZFAreaModel.m */ = {isa = PBXFileReference; lastKnownFileType = sourcecode.c.objc; path = ZFAreaModel.m; sourceTree = "<group>"; };
		BFA880F21FD87327004B4F57 /* ZFGameNbaTableViewCell.h */ = {isa = PBXFileReference; lastKnownFileType = sourcecode.c.h; path = ZFGameNbaTableViewCell.h; sourceTree = "<group>"; };
		BFA880F31FD87327004B4F57 /* ZFGameNbaTableViewCell.m */ = {isa = PBXFileReference; lastKnownFileType = sourcecode.c.objc; path = ZFGameNbaTableViewCell.m; sourceTree = "<group>"; };
		BFA880F41FD87327004B4F57 /* ZFGameNbaTableViewCell.xib */ = {isa = PBXFileReference; lastKnownFileType = file.xib; path = ZFGameNbaTableViewCell.xib; sourceTree = "<group>"; };
		BFA880F71FD876EB004B4F57 /* ZFNabDetailViewController.h */ = {isa = PBXFileReference; lastKnownFileType = sourcecode.c.h; path = ZFNabDetailViewController.h; sourceTree = "<group>"; };
		BFA880F81FD876EB004B4F57 /* ZFNabDetailViewController.m */ = {isa = PBXFileReference; lastKnownFileType = sourcecode.c.objc; path = ZFNabDetailViewController.m; sourceTree = "<group>"; };
		BFA880F91FD876EB004B4F57 /* ZFNabDetailViewController.xib */ = {isa = PBXFileReference; lastKnownFileType = file.xib; path = ZFNabDetailViewController.xib; sourceTree = "<group>"; };
		BFA880FC1FD876FB004B4F57 /* ZFFootDetailViewController.h */ = {isa = PBXFileReference; lastKnownFileType = sourcecode.c.h; path = ZFFootDetailViewController.h; sourceTree = "<group>"; };
		BFA880FD1FD876FB004B4F57 /* ZFFootDetailViewController.m */ = {isa = PBXFileReference; lastKnownFileType = sourcecode.c.objc; path = ZFFootDetailViewController.m; sourceTree = "<group>"; };
		BFA880FE1FD876FB004B4F57 /* ZFFootDetailViewController.xib */ = {isa = PBXFileReference; lastKnownFileType = file.xib; path = ZFFootDetailViewController.xib; sourceTree = "<group>"; };
		BFA881011FD87AE4004B4F57 /* Team_Logo.json */ = {isa = PBXFileReference; fileEncoding = 4; lastKnownFileType = text.json; path = Team_Logo.json; sourceTree = "<group>"; };
		BFA881031FD87EEC004B4F57 /* foot.json */ = {isa = PBXFileReference; fileEncoding = 4; lastKnownFileType = text.json; path = foot.json; sourceTree = "<group>"; };
		BFA881051FD88334004B4F57 /* ZFFootModel.h */ = {isa = PBXFileReference; lastKnownFileType = sourcecode.c.h; path = ZFFootModel.h; sourceTree = "<group>"; };
		BFA881061FD88334004B4F57 /* ZFFootModel.m */ = {isa = PBXFileReference; lastKnownFileType = sourcecode.c.objc; path = ZFFootModel.m; sourceTree = "<group>"; };
		BFA881081FD88377004B4F57 /* ZFGameFootTableViewCell.h */ = {isa = PBXFileReference; lastKnownFileType = sourcecode.c.h; path = ZFGameFootTableViewCell.h; sourceTree = "<group>"; };
		BFA881091FD88377004B4F57 /* ZFGameFootTableViewCell.m */ = {isa = PBXFileReference; lastKnownFileType = sourcecode.c.objc; path = ZFGameFootTableViewCell.m; sourceTree = "<group>"; };
		BFA8810A1FD88377004B4F57 /* ZFGameFootTableViewCell.xib */ = {isa = PBXFileReference; lastKnownFileType = file.xib; path = ZFGameFootTableViewCell.xib; sourceTree = "<group>"; };
		BFA8810D1FD8A39E004B4F57 /* ZFNbaDetail.h */ = {isa = PBXFileReference; lastKnownFileType = sourcecode.c.h; path = ZFNbaDetail.h; sourceTree = "<group>"; };
		BFA8810E1FD8A39E004B4F57 /* ZFNbaDetail.m */ = {isa = PBXFileReference; lastKnownFileType = sourcecode.c.objc; path = ZFNbaDetail.m; sourceTree = "<group>"; };
		BFA881101FD8AAC2004B4F57 /* ZFNbaDetailTableViewCell.h */ = {isa = PBXFileReference; lastKnownFileType = sourcecode.c.h; path = ZFNbaDetailTableViewCell.h; sourceTree = "<group>"; };
		BFA881111FD8AAC2004B4F57 /* ZFNbaDetailTableViewCell.m */ = {isa = PBXFileReference; lastKnownFileType = sourcecode.c.objc; path = ZFNbaDetailTableViewCell.m; sourceTree = "<group>"; };
		BFA881121FD8AAC2004B4F57 /* ZFNbaDetailTableViewCell.xib */ = {isa = PBXFileReference; lastKnownFileType = file.xib; path = ZFNbaDetailTableViewCell.xib; sourceTree = "<group>"; };
		BFA881151FD8B6F8004B4F57 /* ZFDetailHeaderView.h */ = {isa = PBXFileReference; lastKnownFileType = sourcecode.c.h; path = ZFDetailHeaderView.h; sourceTree = "<group>"; };
		BFA881161FD8B6F8004B4F57 /* ZFDetailHeaderView.m */ = {isa = PBXFileReference; lastKnownFileType = sourcecode.c.objc; path = ZFDetailHeaderView.m; sourceTree = "<group>"; };
		BFA881181FD8B718004B4F57 /* ZFDetailHeaderView.xib */ = {isa = PBXFileReference; lastKnownFileType = file.xib; path = ZFDetailHeaderView.xib; sourceTree = "<group>"; };
		BFA8811B1FD8BE76004B4F57 /* ZFFootSubViewController1.h */ = {isa = PBXFileReference; lastKnownFileType = sourcecode.c.h; path = ZFFootSubViewController1.h; sourceTree = "<group>"; };
		BFA8811C1FD8BE76004B4F57 /* ZFFootSubViewController1.m */ = {isa = PBXFileReference; lastKnownFileType = sourcecode.c.objc; path = ZFFootSubViewController1.m; sourceTree = "<group>"; };
		BFA8811D1FD8BE76004B4F57 /* ZFFootSubViewController1.xib */ = {isa = PBXFileReference; lastKnownFileType = file.xib; path = ZFFootSubViewController1.xib; sourceTree = "<group>"; };
		BFA881201FD8BE91004B4F57 /* ZFFootSubViewController2.h */ = {isa = PBXFileReference; lastKnownFileType = sourcecode.c.h; path = ZFFootSubViewController2.h; sourceTree = "<group>"; };
		BFA881211FD8BE91004B4F57 /* ZFFootSubViewController2.m */ = {isa = PBXFileReference; lastKnownFileType = sourcecode.c.objc; path = ZFFootSubViewController2.m; sourceTree = "<group>"; };
		BFA881221FD8BE91004B4F57 /* ZFFootSubViewController2.xib */ = {isa = PBXFileReference; lastKnownFileType = file.xib; path = ZFFootSubViewController2.xib; sourceTree = "<group>"; };
		BFA8812A1FD8BEC3004B4F57 /* ZFFootSubViewController4.h */ = {isa = PBXFileReference; lastKnownFileType = sourcecode.c.h; path = ZFFootSubViewController4.h; sourceTree = "<group>"; };
		BFA8812B1FD8BEC3004B4F57 /* ZFFootSubViewController4.m */ = {isa = PBXFileReference; lastKnownFileType = sourcecode.c.objc; path = ZFFootSubViewController4.m; sourceTree = "<group>"; };
		BFA8812C1FD8BEC3004B4F57 /* ZFFootSubViewController4.xib */ = {isa = PBXFileReference; lastKnownFileType = file.xib; path = ZFFootSubViewController4.xib; sourceTree = "<group>"; };
		BFA881331FD8C3FA004B4F57 /* ZFFootSubModel.h */ = {isa = PBXFileReference; lastKnownFileType = sourcecode.c.h; path = ZFFootSubModel.h; sourceTree = "<group>"; };
		BFA881341FD8C3FA004B4F57 /* ZFFootSubModel.m */ = {isa = PBXFileReference; lastKnownFileType = sourcecode.c.objc; path = ZFFootSubModel.m; sourceTree = "<group>"; };
		BFA881361FD8CC82004B4F57 /* ZFFootSubModel4.h */ = {isa = PBXFileReference; lastKnownFileType = sourcecode.c.h; path = ZFFootSubModel4.h; sourceTree = "<group>"; };
		BFA881371FD8CC82004B4F57 /* ZFFootSubModel4.m */ = {isa = PBXFileReference; lastKnownFileType = sourcecode.c.objc; path = ZFFootSubModel4.m; sourceTree = "<group>"; };
		BFB51CA81FD7346700A953B4 /* ZFHomeNbaViewController.h */ = {isa = PBXFileReference; lastKnownFileType = sourcecode.c.h; path = ZFHomeNbaViewController.h; sourceTree = "<group>"; };
		BFB51CA91FD7346700A953B4 /* ZFHomeNbaViewController.m */ = {isa = PBXFileReference; lastKnownFileType = sourcecode.c.objc; path = ZFHomeNbaViewController.m; sourceTree = "<group>"; };
		BFB51CAA1FD7346700A953B4 /* ZFHomeNbaViewController.xib */ = {isa = PBXFileReference; lastKnownFileType = file.xib; path = ZFHomeNbaViewController.xib; sourceTree = "<group>"; };
		BFB51CB51FD758BF00A953B4 /* ZFNetWorkCacheTool.h */ = {isa = PBXFileReference; fileEncoding = 4; lastKnownFileType = sourcecode.c.h; path = ZFNetWorkCacheTool.h; sourceTree = "<group>"; };
		BFB51CB61FD758BF00A953B4 /* ZFNetWorkCacheTool.m */ = {isa = PBXFileReference; fileEncoding = 4; lastKnownFileType = sourcecode.c.objc; path = ZFNetWorkCacheTool.m; sourceTree = "<group>"; };
		BFB51CB81FD759B300A953B4 /* ZFHomeNbaCell.h */ = {isa = PBXFileReference; lastKnownFileType = sourcecode.c.h; path = ZFHomeNbaCell.h; sourceTree = "<group>"; };
		BFB51CB91FD759B300A953B4 /* ZFHomeNbaCell.m */ = {isa = PBXFileReference; lastKnownFileType = sourcecode.c.objc; path = ZFHomeNbaCell.m; sourceTree = "<group>"; };
		BFB51CBA1FD759B300A953B4 /* ZFHomeNbaCell.xib */ = {isa = PBXFileReference; lastKnownFileType = file.xib; path = ZFHomeNbaCell.xib; sourceTree = "<group>"; };
		BFB51CBD1FD759D700A953B4 /* ZFHomeNbaHeaerView.h */ = {isa = PBXFileReference; lastKnownFileType = sourcecode.c.h; path = ZFHomeNbaHeaerView.h; sourceTree = "<group>"; };
		BFB51CBE1FD759D700A953B4 /* ZFHomeNbaHeaerView.m */ = {isa = PBXFileReference; lastKnownFileType = sourcecode.c.objc; path = ZFHomeNbaHeaerView.m; sourceTree = "<group>"; };
		BFB51CC01FD759EB00A953B4 /* ZFHomeNbaHeaerView.xib */ = {isa = PBXFileReference; lastKnownFileType = file.xib; path = ZFHomeNbaHeaerView.xib; sourceTree = "<group>"; };
		BFB51CC21FD7602F00A953B4 /* ZFHomeModel.h */ = {isa = PBXFileReference; lastKnownFileType = sourcecode.c.h; path = ZFHomeModel.h; sourceTree = "<group>"; };
		BFB51CC31FD7602F00A953B4 /* ZFHomeModel.m */ = {isa = PBXFileReference; lastKnownFileType = sourcecode.c.objc; path = ZFHomeModel.m; sourceTree = "<group>"; };
		BFB51CC51FD7631500A953B4 /* ZFLiveModel.h */ = {isa = PBXFileReference; lastKnownFileType = sourcecode.c.h; path = ZFLiveModel.h; sourceTree = "<group>"; };
		BFB51CC61FD7631500A953B4 /* ZFLiveModel.m */ = {isa = PBXFileReference; lastKnownFileType = sourcecode.c.objc; path = ZFLiveModel.m; sourceTree = "<group>"; };
		BFB51CC81FD7765300A953B4 /* SGPageContentScrollView.m */ = {isa = PBXFileReference; fileEncoding = 4; lastKnownFileType = sourcecode.c.objc; path = SGPageContentScrollView.m; sourceTree = "<group>"; };
		BFB51CC91FD7765300A953B4 /* SGPageTitleView.m */ = {isa = PBXFileReference; fileEncoding = 4; lastKnownFileType = sourcecode.c.objc; path = SGPageTitleView.m; sourceTree = "<group>"; };
		BFB51CCA1FD7765300A953B4 /* SGPageContentView.m */ = {isa = PBXFileReference; fileEncoding = 4; lastKnownFileType = sourcecode.c.objc; path = SGPageContentView.m; sourceTree = "<group>"; };
		BFB51CCB1FD7765300A953B4 /* SGPageContentView.h */ = {isa = PBXFileReference; fileEncoding = 4; lastKnownFileType = sourcecode.c.h; path = SGPageContentView.h; sourceTree = "<group>"; };
		BFB51CCC1FD7765300A953B4 /* SGPageContentScrollView.h */ = {isa = PBXFileReference; fileEncoding = 4; lastKnownFileType = sourcecode.c.h; path = SGPageContentScrollView.h; sourceTree = "<group>"; };
		BFB51CCD1FD7765300A953B4 /* SGPageTitleView.h */ = {isa = PBXFileReference; fileEncoding = 4; lastKnownFileType = sourcecode.c.h; path = SGPageTitleView.h; sourceTree = "<group>"; };
		BFB51CCE1FD7765400A953B4 /* SGPageTitleViewConfigure.h */ = {isa = PBXFileReference; fileEncoding = 4; lastKnownFileType = sourcecode.c.h; path = SGPageTitleViewConfigure.h; sourceTree = "<group>"; };
		BFB51CCF1FD7765400A953B4 /* UIView+SGFrame.h */ = {isa = PBXFileReference; fileEncoding = 4; lastKnownFileType = sourcecode.c.h; path = "UIView+SGFrame.h"; sourceTree = "<group>"; };
		BFB51CD01FD7765400A953B4 /* UIView+SGFrame.m */ = {isa = PBXFileReference; fileEncoding = 4; lastKnownFileType = sourcecode.c.objc; path = "UIView+SGFrame.m"; sourceTree = "<group>"; };
		BFB51CD11FD7765400A953B4 /* SGPageTitleViewConfigure.m */ = {isa = PBXFileReference; fileEncoding = 4; lastKnownFileType = sourcecode.c.objc; path = SGPageTitleViewConfigure.m; sourceTree = "<group>"; };
		BFB51CD71FD78AFA00A953B4 /* ZFHomeNbaViewController0.h */ = {isa = PBXFileReference; fileEncoding = 4; lastKnownFileType = sourcecode.c.h; path = ZFHomeNbaViewController0.h; sourceTree = "<group>"; };
		BFB51CD81FD78AFA00A953B4 /* ZFHomeNbaViewController0.m */ = {isa = PBXFileReference; fileEncoding = 4; lastKnownFileType = sourcecode.c.objc; path = ZFHomeNbaViewController0.m; sourceTree = "<group>"; };
		BFB51CD91FD78AFA00A953B4 /* ZFHomeNbaViewController2.m */ = {isa = PBXFileReference; fileEncoding = 4; lastKnownFileType = sourcecode.c.objc; path = ZFHomeNbaViewController2.m; sourceTree = "<group>"; };
		BFB51CDA1FD78AFB00A953B4 /* ZFHomeNbaViewController0.xib */ = {isa = PBXFileReference; fileEncoding = 4; lastKnownFileType = file.xib; path = ZFHomeNbaViewController0.xib; sourceTree = "<group>"; };
		BFB51CDB1FD78AFB00A953B4 /* ZFHomeNbaViewController2.xib */ = {isa = PBXFileReference; fileEncoding = 4; lastKnownFileType = file.xib; path = ZFHomeNbaViewController2.xib; sourceTree = "<group>"; };
		BFB51CDC1FD78AFB00A953B4 /* ZFHomeNbaViewController2.h */ = {isa = PBXFileReference; fileEncoding = 4; lastKnownFileType = sourcecode.c.h; path = ZFHomeNbaViewController2.h; sourceTree = "<group>"; };
		BFD6C9B61FD5C5CF0056CC20 /* ZF_NBA.app */ = {isa = PBXFileReference; explicitFileType = wrapper.application; includeInIndex = 0; path = ZF_NBA.app; sourceTree = BUILT_PRODUCTS_DIR; };
		BFD6C9B91FD5C5CF0056CC20 /* AppDelegate.h */ = {isa = PBXFileReference; lastKnownFileType = sourcecode.c.h; path = AppDelegate.h; sourceTree = "<group>"; };
		BFD6C9BA1FD5C5CF0056CC20 /* AppDelegate.m */ = {isa = PBXFileReference; lastKnownFileType = sourcecode.c.objc; path = AppDelegate.m; sourceTree = "<group>"; };
		BFD6C9C01FD5C5CF0056CC20 /* Base */ = {isa = PBXFileReference; lastKnownFileType = file.storyboard; name = Base; path = Base.lproj/Main.storyboard; sourceTree = "<group>"; };
		BFD6C9C21FD5C5CF0056CC20 /* Assets.xcassets */ = {isa = PBXFileReference; lastKnownFileType = folder.assetcatalog; path = Assets.xcassets; sourceTree = "<group>"; };
		BFD6C9C51FD5C5CF0056CC20 /* Base */ = {isa = PBXFileReference; lastKnownFileType = file.storyboard; name = Base; path = Base.lproj/LaunchScreen.storyboard; sourceTree = "<group>"; };
		BFD6C9C71FD5C5CF0056CC20 /* Info.plist */ = {isa = PBXFileReference; lastKnownFileType = text.plist.xml; path = Info.plist; sourceTree = "<group>"; };
		BFD6C9C81FD5C5CF0056CC20 /* main.m */ = {isa = PBXFileReference; lastKnownFileType = sourcecode.c.objc; path = main.m; sourceTree = "<group>"; };
		BFD6C9DE1FD5CB900056CC20 /* PrefixHeader.pch */ = {isa = PBXFileReference; lastKnownFileType = sourcecode.c.h; path = PrefixHeader.pch; sourceTree = "<group>"; };
		BFD6C9DF1FD5CC960056CC20 /* ZFTabBarControllerViewController.h */ = {isa = PBXFileReference; lastKnownFileType = sourcecode.c.h; path = ZFTabBarControllerViewController.h; sourceTree = "<group>"; };
		BFD6C9E01FD5CC960056CC20 /* ZFTabBarControllerViewController.m */ = {isa = PBXFileReference; lastKnownFileType = sourcecode.c.objc; path = ZFTabBarControllerViewController.m; sourceTree = "<group>"; };
		BFD6C9E21FD5CCAC0056CC20 /* ZFNavigationController.h */ = {isa = PBXFileReference; lastKnownFileType = sourcecode.c.h; path = ZFNavigationController.h; sourceTree = "<group>"; };
		BFD6C9E31FD5CCAC0056CC20 /* ZFNavigationController.m */ = {isa = PBXFileReference; lastKnownFileType = sourcecode.c.objc; path = ZFNavigationController.m; sourceTree = "<group>"; };
		BFD6C9EA1FD5CD1B0056CC20 /* ZFNbaViewController.h */ = {isa = PBXFileReference; lastKnownFileType = sourcecode.c.h; path = ZFNbaViewController.h; sourceTree = "<group>"; };
		BFD6C9EB1FD5CD1B0056CC20 /* ZFNbaViewController.m */ = {isa = PBXFileReference; lastKnownFileType = sourcecode.c.objc; path = ZFNbaViewController.m; sourceTree = "<group>"; };
		BFD6C9EC1FD5CD1B0056CC20 /* ZFNbaViewController.xib */ = {isa = PBXFileReference; lastKnownFileType = file.xib; path = ZFNbaViewController.xib; sourceTree = "<group>"; };
		BFD6C9EF1FD5CD6E0056CC20 /* ZFFootViewController.h */ = {isa = PBXFileReference; lastKnownFileType = sourcecode.c.h; path = ZFFootViewController.h; sourceTree = "<group>"; };
		BFD6C9F01FD5CD6E0056CC20 /* ZFFootViewController.m */ = {isa = PBXFileReference; lastKnownFileType = sourcecode.c.objc; path = ZFFootViewController.m; sourceTree = "<group>"; };
		BFD6C9F11FD5CD6E0056CC20 /* ZFFootViewController.xib */ = {isa = PBXFileReference; lastKnownFileType = file.xib; path = ZFFootViewController.xib; sourceTree = "<group>"; };
		BFD6C9F41FD5CD8A0056CC20 /* ZFGameViewController.h */ = {isa = PBXFileReference; lastKnownFileType = sourcecode.c.h; path = ZFGameViewController.h; sourceTree = "<group>"; };
		BFD6C9F51FD5CD8A0056CC20 /* ZFGameViewController.m */ = {isa = PBXFileReference; lastKnownFileType = sourcecode.c.objc; path = ZFGameViewController.m; sourceTree = "<group>"; };
		BFD6C9F61FD5CD8A0056CC20 /* ZFGameViewController.xib */ = {isa = PBXFileReference; lastKnownFileType = file.xib; path = ZFGameViewController.xib; sourceTree = "<group>"; };
		BFD6C9F91FD5CD990056CC20 /* ZFHomeViewController.h */ = {isa = PBXFileReference; lastKnownFileType = sourcecode.c.h; path = ZFHomeViewController.h; sourceTree = "<group>"; };
		BFD6C9FA1FD5CD990056CC20 /* ZFHomeViewController.m */ = {isa = PBXFileReference; lastKnownFileType = sourcecode.c.objc; path = ZFHomeViewController.m; sourceTree = "<group>"; };
		BFD6C9FB1FD5CD990056CC20 /* ZFHomeViewController.xib */ = {isa = PBXFileReference; lastKnownFileType = file.xib; path = ZFHomeViewController.xib; sourceTree = "<group>"; };
		BFD6CA021FD5CE620056CC20 /* ZFSettingViewController.h */ = {isa = PBXFileReference; lastKnownFileType = sourcecode.c.h; path = ZFSettingViewController.h; sourceTree = "<group>"; };
		BFD6CA031FD5CE620056CC20 /* ZFSettingViewController.m */ = {isa = PBXFileReference; lastKnownFileType = sourcecode.c.objc; path = ZFSettingViewController.m; sourceTree = "<group>"; };
		BFD6CA091FD5CFAF0056CC20 /* ZFWelcomeViewController.h */ = {isa = PBXFileReference; lastKnownFileType = sourcecode.c.h; path = ZFWelcomeViewController.h; sourceTree = "<group>"; };
		BFD6CA0A1FD5CFAF0056CC20 /* ZFWelcomeViewController.m */ = {isa = PBXFileReference; lastKnownFileType = sourcecode.c.objc; path = ZFWelcomeViewController.m; sourceTree = "<group>"; };
		BFD6CA0B1FD5CFAF0056CC20 /* ZFWelcomeViewController.xib */ = {isa = PBXFileReference; lastKnownFileType = file.xib; path = ZFWelcomeViewController.xib; sourceTree = "<group>"; };
		BFD6CA0E1FD5E33B0056CC20 /* ZFSegmentView.h */ = {isa = PBXFileReference; lastKnownFileType = sourcecode.c.h; path = ZFSegmentView.h; sourceTree = "<group>"; };
		BFD6CA0F1FD5E33B0056CC20 /* ZFSegmentView.m */ = {isa = PBXFileReference; lastKnownFileType = sourcecode.c.objc; path = ZFSegmentView.m; sourceTree = "<group>"; };
		E56318759BB532D543513BCD /* libPods-ZF_NBA.a */ = {isa = PBXFileReference; explicitFileType = archive.ar; includeInIndex = 0; path = "libPods-ZF_NBA.a"; sourceTree = BUILT_PRODUCTS_DIR; };
		E9FD779D09A842627EB8497D /* Pods-ZF_NBA.release.xcconfig */ = {isa = PBXFileReference; includeInIndex = 1; lastKnownFileType = text.xcconfig; name = "Pods-ZF_NBA.release.xcconfig"; path = "Pods/Target Support Files/Pods-ZF_NBA/Pods-ZF_NBA.release.xcconfig"; sourceTree = "<group>"; };
/* End PBXFileReference section */

/* Begin PBXFrameworksBuildPhase section */
		BFD6C9B31FD5C5CF0056CC20 /* Frameworks */ = {
			isa = PBXFrameworksBuildPhase;
			buildActionMask = 2147483647;
			files = (
				50EC09AE52FF8A87BC725D50 /* libPods-ZF_NBA.a in Frameworks */,
			);
			runOnlyForDeploymentPostprocessing = 0;
		};
/* End PBXFrameworksBuildPhase section */

/* Begin PBXGroup section */
		0D7CC8BCFBF148DD0F98B3DA /* Pods */ = {
			isa = PBXGroup;
			children = (
				61BC4258355CE30D47BB43CD /* Pods-ZF_NBA.debug.xcconfig */,
				E9FD779D09A842627EB8497D /* Pods-ZF_NBA.release.xcconfig */,
			);
			name = Pods;
			sourceTree = "<group>";
		};
		BFA8811A1FD8BE59004B4F57 /* FootController */ = {
			isa = PBXGroup;
			children = (
				BFA8811B1FD8BE76004B4F57 /* ZFFootSubViewController1.h */,
				BFA8811C1FD8BE76004B4F57 /* ZFFootSubViewController1.m */,
				BFA8811D1FD8BE76004B4F57 /* ZFFootSubViewController1.xib */,
				BFA881201FD8BE91004B4F57 /* ZFFootSubViewController2.h */,
				BFA881211FD8BE91004B4F57 /* ZFFootSubViewController2.m */,
				BFA881221FD8BE91004B4F57 /* ZFFootSubViewController2.xib */,
				BFA8812A1FD8BEC3004B4F57 /* ZFFootSubViewController4.h */,
				BFA8812B1FD8BEC3004B4F57 /* ZFFootSubViewController4.m */,
				BFA8812C1FD8BEC3004B4F57 /* ZFFootSubViewController4.xib */,
				BF3A9CB51FD9F274000987F3 /* ZFFootSubTableViewCell.h */,
				BF3A9CB61FD9F274000987F3 /* ZFFootSubTableViewCell.m */,
				BF3A9CB71FD9F274000987F3 /* ZFFootSubTableViewCell.xib */,
				BF3A9CBA1FD9FEB3000987F3 /* ZFFootsubTableViewCell4.h */,
				BF3A9CBB1FD9FEB3000987F3 /* ZFFootsubTableViewCell4.m */,
				BF3A9CBC1FD9FEB3000987F3 /* ZFFootsubTableViewCell4.xib */,
			);
			path = FootController;
			sourceTree = "<group>";
		};
		BFA8812F1FD8C374004B4F57 /* FootModel */ = {
			isa = PBXGroup;
			children = (
				BFA881331FD8C3FA004B4F57 /* ZFFootSubModel.h */,
				BFA881341FD8C3FA004B4F57 /* ZFFootSubModel.m */,
				BFA881361FD8CC82004B4F57 /* ZFFootSubModel4.h */,
				BFA881371FD8CC82004B4F57 /* ZFFootSubModel4.m */,
			);
			path = FootModel;
			sourceTree = "<group>";
		};
		BFD6C9AD1FD5C5CF0056CC20 = {
			isa = PBXGroup;
			children = (
				BFD6C9B81FD5C5CF0056CC20 /* ZF_NBA */,
				BFD6C9B71FD5C5CF0056CC20 /* Products */,
				0D7CC8BCFBF148DD0F98B3DA /* Pods */,
				EF2A3B15DA9C80C877E0FB85 /* Frameworks */,
			);
			sourceTree = "<group>";
		};
		BFD6C9B71FD5C5CF0056CC20 /* Products */ = {
			isa = PBXGroup;
			children = (
				BFD6C9B61FD5C5CF0056CC20 /* ZF_NBA.app */,
			);
			name = Products;
			sourceTree = "<group>";
		};
		BFD6C9B81FD5C5CF0056CC20 /* ZF_NBA */ = {
			isa = PBXGroup;
			children = (
				BFD6C9CF1FD5CB7A0056CC20 /* Classes */,
				BFD6C9DD1FD5CB7A0056CC20 /* Library */,
				BFD6C9BF1FD5C5CF0056CC20 /* Main.storyboard */,
				BFD6C9C21FD5C5CF0056CC20 /* Assets.xcassets */,
				BFD6C9C41FD5C5CF0056CC20 /* LaunchScreen.storyboard */,
				BFD6C9C71FD5C5CF0056CC20 /* Info.plist */,
				BFD6C9C81FD5C5CF0056CC20 /* main.m */,
				BFD6C9DE1FD5CB900056CC20 /* PrefixHeader.pch */,
			);
			path = ZF_NBA;
			sourceTree = "<group>";
		};
		BFD6C9CF1FD5CB7A0056CC20 /* Classes */ = {
			isa = PBXGroup;
			children = (
				BFD6CA051FD5CFA00056CC20 /* Welcome */,
				BFD6C9FE1FD5CDDA0056CC20 /* Setting */,
				BFD6C9D01FD5CB7A0056CC20 /* Game */,
				BFD6C9D41FD5CB7A0056CC20 /* Home */,
				BFD6C9D81FD5CB7A0056CC20 /* Main */,
				BFD6C9DC1FD5CB7A0056CC20 /* Tool */,
			);
			path = Classes;
			sourceTree = "<group>";
		};
		BFD6C9D01FD5CB7A0056CC20 /* Game */ = {
			isa = PBXGroup;
			children = (
				BFD6C9D11FD5CB7A0056CC20 /* Controller */,
				BFD6C9D21FD5CB7A0056CC20 /* Model */,
				BFD6C9D31FD5CB7A0056CC20 /* View */,
			);
			path = Game;
			sourceTree = "<group>";
		};
		BFD6C9D11FD5CB7A0056CC20 /* Controller */ = {
			isa = PBXGroup;
			children = (
				BFA8811A1FD8BE59004B4F57 /* FootController */,
				BFD6C9EA1FD5CD1B0056CC20 /* ZFNbaViewController.h */,
				BFD6C9EB1FD5CD1B0056CC20 /* ZFNbaViewController.m */,
				BFD6C9EC1FD5CD1B0056CC20 /* ZFNbaViewController.xib */,
				BFD6C9EF1FD5CD6E0056CC20 /* ZFFootViewController.h */,
				BFD6C9F01FD5CD6E0056CC20 /* ZFFootViewController.m */,
				BFD6C9F11FD5CD6E0056CC20 /* ZFFootViewController.xib */,
				BFD6C9F41FD5CD8A0056CC20 /* ZFGameViewController.h */,
				BFD6C9F51FD5CD8A0056CC20 /* ZFGameViewController.m */,
				BFD6C9F61FD5CD8A0056CC20 /* ZFGameViewController.xib */,
				BFA880F71FD876EB004B4F57 /* ZFNabDetailViewController.h */,
				BFA880F81FD876EB004B4F57 /* ZFNabDetailViewController.m */,
				BFA880F91FD876EB004B4F57 /* ZFNabDetailViewController.xib */,
				BFA880FC1FD876FB004B4F57 /* ZFFootDetailViewController.h */,
				BFA880FD1FD876FB004B4F57 /* ZFFootDetailViewController.m */,
				BFA880FE1FD876FB004B4F57 /* ZFFootDetailViewController.xib */,
			);
			path = Controller;
			sourceTree = "<group>";
		};
		BFD6C9D21FD5CB7A0056CC20 /* Model */ = {
			isa = PBXGroup;
			children = (
				BFA8812F1FD8C374004B4F57 /* FootModel */,
				BFA880EC1FD868BD004B4F57 /* ZFTeamModel.h */,
				BFA880ED1FD868BD004B4F57 /* ZFTeamModel.m */,
				BFA880EF1FD868FF004B4F57 /* ZFAreaModel.h */,
				BFA880F01FD868FF004B4F57 /* ZFAreaModel.m */,
				BFA881051FD88334004B4F57 /* ZFFootModel.h */,
				BFA881061FD88334004B4F57 /* ZFFootModel.m */,
				BFA8810D1FD8A39E004B4F57 /* ZFNbaDetail.h */,
				BFA8810E1FD8A39E004B4F57 /* ZFNbaDetail.m */,
			);
			path = Model;
			sourceTree = "<group>";
		};
		BFD6C9D31FD5CB7A0056CC20 /* View */ = {
			isa = PBXGroup;
			children = (
				BFA880F21FD87327004B4F57 /* ZFGameNbaTableViewCell.h */,
				BFA880F31FD87327004B4F57 /* ZFGameNbaTableViewCell.m */,
				BFA880F41FD87327004B4F57 /* ZFGameNbaTableViewCell.xib */,
				BFA881081FD88377004B4F57 /* ZFGameFootTableViewCell.h */,
				BFA881091FD88377004B4F57 /* ZFGameFootTableViewCell.m */,
				BFA8810A1FD88377004B4F57 /* ZFGameFootTableViewCell.xib */,
				BFA881101FD8AAC2004B4F57 /* ZFNbaDetailTableViewCell.h */,
				BFA881111FD8AAC2004B4F57 /* ZFNbaDetailTableViewCell.m */,
				BFA881121FD8AAC2004B4F57 /* ZFNbaDetailTableViewCell.xib */,
				BFA881151FD8B6F8004B4F57 /* ZFDetailHeaderView.h */,
				BFA881161FD8B6F8004B4F57 /* ZFDetailHeaderView.m */,
				BFA881181FD8B718004B4F57 /* ZFDetailHeaderView.xib */,
			);
			path = View;
			sourceTree = "<group>";
		};
		BFD6C9D41FD5CB7A0056CC20 /* Home */ = {
			isa = PBXGroup;
			children = (
				BFD6C9D51FD5CB7A0056CC20 /* Controller */,
				BFD6C9D61FD5CB7A0056CC20 /* Model */,
				BFD6C9D71FD5CB7A0056CC20 /* View */,
			);
			path = Home;
			sourceTree = "<group>";
		};
		BFD6C9D51FD5CB7A0056CC20 /* Controller */ = {
			isa = PBXGroup;
			children = (
				BFB51CD71FD78AFA00A953B4 /* ZFHomeNbaViewController0.h */,
				BFB51CD81FD78AFA00A953B4 /* ZFHomeNbaViewController0.m */,
				BFB51CDA1FD78AFB00A953B4 /* ZFHomeNbaViewController0.xib */,
				BFB51CDC1FD78AFB00A953B4 /* ZFHomeNbaViewController2.h */,
				BFB51CD91FD78AFA00A953B4 /* ZFHomeNbaViewController2.m */,
				BFB51CDB1FD78AFB00A953B4 /* ZFHomeNbaViewController2.xib */,
				BFD6C9F91FD5CD990056CC20 /* ZFHomeViewController.h */,
				BFD6C9FA1FD5CD990056CC20 /* ZFHomeViewController.m */,
				BFD6C9FB1FD5CD990056CC20 /* ZFHomeViewController.xib */,
				BFB51CA81FD7346700A953B4 /* ZFHomeNbaViewController.h */,
				BFB51CA91FD7346700A953B4 /* ZFHomeNbaViewController.m */,
				BFB51CAA1FD7346700A953B4 /* ZFHomeNbaViewController.xib */,
				BFA880E21FD8639A004B4F57 /* ZFVideoViewController.h */,
				BFA880E31FD8639A004B4F57 /* ZFVideoViewController.m */,
				BFA880E41FD8639A004B4F57 /* ZFVideoViewController.xib */,
			);
			path = Controller;
			sourceTree = "<group>";
		};
		BFD6C9D61FD5CB7A0056CC20 /* Model */ = {
			isa = PBXGroup;
			children = (
				BFB51CC21FD7602F00A953B4 /* ZFHomeModel.h */,
				BFB51CC31FD7602F00A953B4 /* ZFHomeModel.m */,
				BFB51CC51FD7631500A953B4 /* ZFLiveModel.h */,
				BFB51CC61FD7631500A953B4 /* ZFLiveModel.m */,
			);
			path = Model;
			sourceTree = "<group>";
		};
		BFD6C9D71FD5CB7A0056CC20 /* View */ = {
			isa = PBXGroup;
			children = (
				BFB51CB81FD759B300A953B4 /* ZFHomeNbaCell.h */,
				BFB51CB91FD759B300A953B4 /* ZFHomeNbaCell.m */,
				BFB51CBA1FD759B300A953B4 /* ZFHomeNbaCell.xib */,
				BFB51CBD1FD759D700A953B4 /* ZFHomeNbaHeaerView.h */,
				BFB51CBE1FD759D700A953B4 /* ZFHomeNbaHeaerView.m */,
				BFB51CC01FD759EB00A953B4 /* ZFHomeNbaHeaerView.xib */,
			);
			path = View;
			sourceTree = "<group>";
		};
		BFD6C9D81FD5CB7A0056CC20 /* Main */ = {
			isa = PBXGroup;
			children = (
				BFD6C9D91FD5CB7A0056CC20 /* Controller */,
				BFD6C9DA1FD5CB7A0056CC20 /* Model */,
				BFD6C9DB1FD5CB7A0056CC20 /* View */,
			);
			path = Main;
			sourceTree = "<group>";
		};
		BFD6C9D91FD5CB7A0056CC20 /* Controller */ = {
			isa = PBXGroup;
			children = (
				BFD6C9B91FD5C5CF0056CC20 /* AppDelegate.h */,
				BFD6C9BA1FD5C5CF0056CC20 /* AppDelegate.m */,
				BFD6C9DF1FD5CC960056CC20 /* ZFTabBarControllerViewController.h */,
				BFD6C9E01FD5CC960056CC20 /* ZFTabBarControllerViewController.m */,
				BFD6C9E21FD5CCAC0056CC20 /* ZFNavigationController.h */,
				BFD6C9E31FD5CCAC0056CC20 /* ZFNavigationController.m */,
			);
			path = Controller;
			sourceTree = "<group>";
		};
		BFD6C9DA1FD5CB7A0056CC20 /* Model */ = {
			isa = PBXGroup;
			children = (
			);
			path = Model;
			sourceTree = "<group>";
		};
		BFD6C9DB1FD5CB7A0056CC20 /* View */ = {
			isa = PBXGroup;
			children = (
			);
			path = View;
			sourceTree = "<group>";
		};
		BFD6C9DC1FD5CB7A0056CC20 /* Tool */ = {
			isa = PBXGroup;
			children = (
				BFA881031FD87EEC004B4F57 /* foot.json */,
				BFA881011FD87AE4004B4F57 /* Team_Logo.json */,
				BFB51CCC1FD7765300A953B4 /* SGPageContentScrollView.h */,
				BFB51CC81FD7765300A953B4 /* SGPageContentScrollView.m */,
				BFB51CCB1FD7765300A953B4 /* SGPageContentView.h */,
				BFB51CCA1FD7765300A953B4 /* SGPageContentView.m */,
				BFB51CCD1FD7765300A953B4 /* SGPageTitleView.h */,
				BFB51CC91FD7765300A953B4 /* SGPageTitleView.m */,
				BFB51CCE1FD7765400A953B4 /* SGPageTitleViewConfigure.h */,
				BFB51CD11FD7765400A953B4 /* SGPageTitleViewConfigure.m */,
				BFB51CCF1FD7765400A953B4 /* UIView+SGFrame.h */,
				BFB51CD01FD7765400A953B4 /* UIView+SGFrame.m */,
				BFB51CB51FD758BF00A953B4 /* ZFNetWorkCacheTool.h */,
				BFB51CB61FD758BF00A953B4 /* ZFNetWorkCacheTool.m */,
				BFD6CA0E1FD5E33B0056CC20 /* ZFSegmentView.h */,
				BFD6CA0F1FD5E33B0056CC20 /* ZFSegmentView.m */,
			);
			path = Tool;
			sourceTree = "<group>";
		};
		BFD6C9DD1FD5CB7A0056CC20 /* Library */ = {
			isa = PBXGroup;
			children = (
			);
			path = Library;
			sourceTree = "<group>";
		};
		BFD6C9FE1FD5CDDA0056CC20 /* Setting */ = {
			isa = PBXGroup;
			children = (
				BFD6C9FF1FD5CDDA0056CC20 /* Controller */,
				BFD6CA001FD5CDDA0056CC20 /* Model */,
				BFD6CA011FD5CDDA0056CC20 /* View */,
			);
			path = Setting;
			sourceTree = "<group>";
		};
		BFD6C9FF1FD5CDDA0056CC20 /* Controller */ = {
			isa = PBXGroup;
			children = (
				BFD6CA021FD5CE620056CC20 /* ZFSettingViewController.h */,
				BFD6CA031FD5CE620056CC20 /* ZFSettingViewController.m */,
			);
			path = Controller;
			sourceTree = "<group>";
		};
		BFD6CA001FD5CDDA0056CC20 /* Model */ = {
			isa = PBXGroup;
			children = (
			);
			path = Model;
			sourceTree = "<group>";
		};
		BFD6CA011FD5CDDA0056CC20 /* View */ = {
			isa = PBXGroup;
			children = (
			);
			path = View;
			sourceTree = "<group>";
		};
		BFD6CA051FD5CFA00056CC20 /* Welcome */ = {
			isa = PBXGroup;
			children = (
				BFD6CA061FD5CFA00056CC20 /* Controller */,
				BFD6CA071FD5CFA00056CC20 /* Model */,
				BFD6CA081FD5CFA00056CC20 /* View */,
			);
			path = Welcome;
			sourceTree = "<group>";
		};
		BFD6CA061FD5CFA00056CC20 /* Controller */ = {
			isa = PBXGroup;
			children = (
				BFD6CA091FD5CFAF0056CC20 /* ZFWelcomeViewController.h */,
				BFD6CA0A1FD5CFAF0056CC20 /* ZFWelcomeViewController.m */,
				BFD6CA0B1FD5CFAF0056CC20 /* ZFWelcomeViewController.xib */,
			);
			path = Controller;
			sourceTree = "<group>";
		};
		BFD6CA071FD5CFA00056CC20 /* Model */ = {
			isa = PBXGroup;
			children = (
			);
			path = Model;
			sourceTree = "<group>";
		};
		BFD6CA081FD5CFA00056CC20 /* View */ = {
			isa = PBXGroup;
			children = (
			);
			path = View;
			sourceTree = "<group>";
		};
		EF2A3B15DA9C80C877E0FB85 /* Frameworks */ = {
			isa = PBXGroup;
			children = (
				E56318759BB532D543513BCD /* libPods-ZF_NBA.a */,
			);
			name = Frameworks;
			sourceTree = "<group>";
		};
/* End PBXGroup section */

/* Begin PBXNativeTarget section */
		BFD6C9B51FD5C5CF0056CC20 /* ZF_NBA */ = {
			isa = PBXNativeTarget;
			buildConfigurationList = BFD6C9CC1FD5C5CF0056CC20 /* Build configuration list for PBXNativeTarget "ZF_NBA" */;
			buildPhases = (
				507F80F5AA1A4FBB1E44C043 /* [CP] Check Pods Manifest.lock */,
				BFD6C9B21FD5C5CF0056CC20 /* Sources */,
				BFD6C9B31FD5C5CF0056CC20 /* Frameworks */,
				BFD6C9B41FD5C5CF0056CC20 /* Resources */,
				C2D72AF39E35AC419EE0737D /* [CP] Embed Pods Frameworks */,
				64D6A1142379B8CFDAF45235 /* [CP] Copy Pods Resources */,
			);
			buildRules = (
			);
			dependencies = (
			);
			name = ZF_NBA;
			productName = ZF_NBA;
			productReference = BFD6C9B61FD5C5CF0056CC20 /* ZF_NBA.app */;
			productType = "com.apple.product-type.application";
		};
/* End PBXNativeTarget section */

/* Begin PBXProject section */
		BFD6C9AE1FD5C5CF0056CC20 /* Project object */ = {
			isa = PBXProject;
			attributes = {
				LastUpgradeCheck = 0910;
				ORGANIZATIONNAME = zhufeng;
				TargetAttributes = {
					BFD6C9B51FD5C5CF0056CC20 = {
						CreatedOnToolsVersion = 9.1;
						ProvisioningStyle = Automatic;
					};
				};
			};
			buildConfigurationList = BFD6C9B11FD5C5CF0056CC20 /* Build configuration list for PBXProject "ZF_NBA" */;
			compatibilityVersion = "Xcode 8.0";
			developmentRegion = en;
			hasScannedForEncodings = 0;
			knownRegions = (
				en,
				Base,
			);
			mainGroup = BFD6C9AD1FD5C5CF0056CC20;
			productRefGroup = BFD6C9B71FD5C5CF0056CC20 /* Products */;
			projectDirPath = "";
			projectRoot = "";
			targets = (
				BFD6C9B51FD5C5CF0056CC20 /* ZF_NBA */,
			);
		};
/* End PBXProject section */

/* Begin PBXResourcesBuildPhase section */
		BFD6C9B41FD5C5CF0056CC20 /* Resources */ = {
			isa = PBXResourcesBuildPhase;
			buildActionMask = 2147483647;
			files = (
				BF3A9CBE1FD9FEB3000987F3 /* ZFFootsubTableViewCell4.xib in Resources */,
				BFA881241FD8BE91004B4F57 /* ZFFootSubViewController2.xib in Resources */,
				BFD6C9EE1FD5CD1B0056CC20 /* ZFNbaViewController.xib in Resources */,
				BFA881041FD87EEC004B4F57 /* foot.json in Resources */,
				BFA880FB1FD876EB004B4F57 /* ZFNabDetailViewController.xib in Resources */,
				BF3A9CB91FD9F274000987F3 /* ZFFootSubTableViewCell.xib in Resources */,
				BFA881001FD876FB004B4F57 /* ZFFootDetailViewController.xib in Resources */,
				BFB51CC11FD759EB00A953B4 /* ZFHomeNbaHeaerView.xib in Resources */,
				BFD6C9C61FD5C5CF0056CC20 /* LaunchScreen.storyboard in Resources */,
				BFB51CE01FD78AFB00A953B4 /* ZFHomeNbaViewController2.xib in Resources */,
				BFD6C9C31FD5C5CF0056CC20 /* Assets.xcassets in Resources */,
				BFA881021FD87AE4004B4F57 /* Team_Logo.json in Resources */,
				BFB51CAC1FD7346700A953B4 /* ZFHomeNbaViewController.xib in Resources */,
				BFA8812E1FD8BEC3004B4F57 /* ZFFootSubViewController4.xib in Resources */,
				BFA881191FD8B718004B4F57 /* ZFDetailHeaderView.xib in Resources */,
				BFD6C9C11FD5C5CF0056CC20 /* Main.storyboard in Resources */,
				BFD6C9FD1FD5CD990056CC20 /* ZFHomeViewController.xib in Resources */,
				BFD6C9F81FD5CD8A0056CC20 /* ZFGameViewController.xib in Resources */,
				BFA881141FD8AAC2004B4F57 /* ZFNbaDetailTableViewCell.xib in Resources */,
				BFA8811F1FD8BE76004B4F57 /* ZFFootSubViewController1.xib in Resources */,
				BFD6C9F31FD5CD6E0056CC20 /* ZFFootViewController.xib in Resources */,
				BFB51CBC1FD759B300A953B4 /* ZFHomeNbaCell.xib in Resources */,
				BFB51CDF1FD78AFB00A953B4 /* ZFHomeNbaViewController0.xib in Resources */,
				BFA880E61FD8639A004B4F57 /* ZFVideoViewController.xib in Resources */,
				BFA8810C1FD88377004B4F57 /* ZFGameFootTableViewCell.xib in Resources */,
				BFD6CA0D1FD5CFAF0056CC20 /* ZFWelcomeViewController.xib in Resources */,
				BFA880F61FD87327004B4F57 /* ZFGameNbaTableViewCell.xib in Resources */,
			);
			runOnlyForDeploymentPostprocessing = 0;
		};
/* End PBXResourcesBuildPhase section */

/* Begin PBXShellScriptBuildPhase section */
		507F80F5AA1A4FBB1E44C043 /* [CP] Check Pods Manifest.lock */ = {
			isa = PBXShellScriptBuildPhase;
			buildActionMask = 2147483647;
			files = (
			);
			inputPaths = (
				"${PODS_PODFILE_DIR_PATH}/Podfile.lock",
				"${PODS_ROOT}/Manifest.lock",
			);
			name = "[CP] Check Pods Manifest.lock";
			outputPaths = (
				"$(DERIVED_FILE_DIR)/Pods-ZF_NBA-checkManifestLockResult.txt",
			);
			runOnlyForDeploymentPostprocessing = 0;
			shellPath = /bin/sh;
			shellScript = "diff \"${PODS_PODFILE_DIR_PATH}/Podfile.lock\" \"${PODS_ROOT}/Manifest.lock\" > /dev/null\nif [ $? != 0 ] ; then\n    # print error to STDERR\n    echo \"error: The sandbox is not in sync with the Podfile.lock. Run 'pod install' or update your CocoaPods installation.\" >&2\n    exit 1\nfi\n# This output is used by Xcode 'outputs' to avoid re-running this script phase.\necho \"SUCCESS\" > \"${SCRIPT_OUTPUT_FILE_0}\"\n";
			showEnvVarsInLog = 0;
		};
		64D6A1142379B8CFDAF45235 /* [CP] Copy Pods Resources */ = {
			isa = PBXShellScriptBuildPhase;
			buildActionMask = 2147483647;
			files = (
			);
			inputPaths = (
			);
			name = "[CP] Copy Pods Resources";
			outputPaths = (
			);
			runOnlyForDeploymentPostprocessing = 0;
			shellPath = /bin/sh;
			shellScript = "\"${SRCROOT}/Pods/Target Support Files/Pods-ZF_NBA/Pods-ZF_NBA-resources.sh\"\n";
			showEnvVarsInLog = 0;
		};
		C2D72AF39E35AC419EE0737D /* [CP] Embed Pods Frameworks */ = {
			isa = PBXShellScriptBuildPhase;
			buildActionMask = 2147483647;
			files = (
			);
			inputPaths = (
			);
			name = "[CP] Embed Pods Frameworks";
			outputPaths = (
			);
			runOnlyForDeploymentPostprocessing = 0;
			shellPath = /bin/sh;
			shellScript = "\"${SRCROOT}/Pods/Target Support Files/Pods-ZF_NBA/Pods-ZF_NBA-frameworks.sh\"\n";
			showEnvVarsInLog = 0;
		};
/* End PBXShellScriptBuildPhase section */

/* Begin PBXSourcesBuildPhase section */
		BFD6C9B21FD5C5CF0056CC20 /* Sources */ = {
			isa = PBXSourcesBuildPhase;
			buildActionMask = 2147483647;
			files = (
				BFB51CDE1FD78AFB00A953B4 /* ZFHomeNbaViewController2.m in Sources */,
				BFA880F51FD87327004B4F57 /* ZFGameNbaTableViewCell.m in Sources */,
				BFB51CD21FD7765400A953B4 /* SGPageContentScrollView.m in Sources */,
				BFD6C9C91FD5C5CF0056CC20 /* main.m in Sources */,
				BFD6CA101FD5E33B0056CC20 /* ZFSegmentView.m in Sources */,
				BFA881381FD8CC82004B4F57 /* ZFFootSubModel4.m in Sources */,
				BFA881071FD88334004B4F57 /* ZFFootModel.m in Sources */,
				BFB51CD31FD7765400A953B4 /* SGPageTitleView.m in Sources */,
				BFD6C9FC1FD5CD990056CC20 /* ZFHomeViewController.m in Sources */,
				BFA880F11FD868FF004B4F57 /* ZFAreaModel.m in Sources */,
				BFA8810B1FD88377004B4F57 /* ZFGameFootTableViewCell.m in Sources */,
				BFD6CA041FD5CE620056CC20 /* ZFSettingViewController.m in Sources */,
				BFA8812D1FD8BEC3004B4F57 /* ZFFootSubViewController4.m in Sources */,
				BFA8811E1FD8BE76004B4F57 /* ZFFootSubViewController1.m in Sources */,
				BFB51CBB1FD759B300A953B4 /* ZFHomeNbaCell.m in Sources */,
				BF3A9CBD1FD9FEB3000987F3 /* ZFFootsubTableViewCell4.m in Sources */,
				BFD6CA0C1FD5CFAF0056CC20 /* ZFWelcomeViewController.m in Sources */,
				BFB51CAB1FD7346700A953B4 /* ZFHomeNbaViewController.m in Sources */,
				BF3A9CB81FD9F274000987F3 /* ZFFootSubTableViewCell.m in Sources */,
				BFB51CB71FD758BF00A953B4 /* ZFNetWorkCacheTool.m in Sources */,
				BFB51CDD1FD78AFB00A953B4 /* ZFHomeNbaViewController0.m in Sources */,
				BFA8810F1FD8A39E004B4F57 /* ZFNbaDetail.m in Sources */,
				BFB51CBF1FD759D700A953B4 /* ZFHomeNbaHeaerView.m in Sources */,
				BFB51CD61FD7765400A953B4 /* SGPageTitleViewConfigure.m in Sources */,
				BFA881171FD8B6F8004B4F57 /* ZFDetailHeaderView.m in Sources */,
				BFA881351FD8C3FA004B4F57 /* ZFFootSubModel.m in Sources */,
				BFB51CD51FD7765400A953B4 /* UIView+SGFrame.m in Sources */,
				BFD6C9ED1FD5CD1B0056CC20 /* ZFNbaViewController.m in Sources */,
				BFB51CC71FD7631500A953B4 /* ZFLiveModel.m in Sources */,
				BFD6C9F71FD5CD8A0056CC20 /* ZFGameViewController.m in Sources */,
				BFA881231FD8BE91004B4F57 /* ZFFootSubViewController2.m in Sources */,
				BFD6C9F21FD5CD6E0056CC20 /* ZFFootViewController.m in Sources */,
				BFD6C9E11FD5CC960056CC20 /* ZFTabBarControllerViewController.m in Sources */,
				BFA880EE1FD868BD004B4F57 /* ZFTeamModel.m in Sources */,
				BFB51CC41FD7602F00A953B4 /* ZFHomeModel.m in Sources */,
				BFB51CD41FD7765400A953B4 /* SGPageContentView.m in Sources */,
				BFD6C9BB1FD5C5CF0056CC20 /* AppDelegate.m in Sources */,
				BFA880E51FD8639A004B4F57 /* ZFVideoViewController.m in Sources */,
				BFD6C9E41FD5CCAC0056CC20 /* ZFNavigationController.m in Sources */,
				BFA880FA1FD876EB004B4F57 /* ZFNabDetailViewController.m in Sources */,
				BFA881131FD8AAC2004B4F57 /* ZFNbaDetailTableViewCell.m in Sources */,
				BFA880FF1FD876FB004B4F57 /* ZFFootDetailViewController.m in Sources */,
			);
			runOnlyForDeploymentPostprocessing = 0;
		};
/* End PBXSourcesBuildPhase section */

/* Begin PBXVariantGroup section */
		BFD6C9BF1FD5C5CF0056CC20 /* Main.storyboard */ = {
			isa = PBXVariantGroup;
			children = (
				BFD6C9C01FD5C5CF0056CC20 /* Base */,
			);
			name = Main.storyboard;
			sourceTree = "<group>";
		};
		BFD6C9C41FD5C5CF0056CC20 /* LaunchScreen.storyboard */ = {
			isa = PBXVariantGroup;
			children = (
				BFD6C9C51FD5C5CF0056CC20 /* Base */,
			);
			name = LaunchScreen.storyboard;
			sourceTree = "<group>";
		};
/* End PBXVariantGroup section */

/* Begin XCBuildConfiguration section */
		BFD6C9CA1FD5C5CF0056CC20 /* Debug */ = {
			isa = XCBuildConfiguration;
			buildSettings = {
				ALWAYS_SEARCH_USER_PATHS = NO;
				CLANG_ANALYZER_NONNULL = YES;
				CLANG_ANALYZER_NUMBER_OBJECT_CONVERSION = YES_AGGRESSIVE;
				CLANG_CXX_LANGUAGE_STANDARD = "gnu++14";
				CLANG_CXX_LIBRARY = "libc++";
				CLANG_ENABLE_MODULES = YES;
				CLANG_ENABLE_OBJC_ARC = YES;
				CLANG_WARN_BLOCK_CAPTURE_AUTORELEASING = YES;
				CLANG_WARN_BOOL_CONVERSION = YES;
				CLANG_WARN_COMMA = YES;
				CLANG_WARN_CONSTANT_CONVERSION = YES;
				CLANG_WARN_DIRECT_OBJC_ISA_USAGE = YES_ERROR;
				CLANG_WARN_DOCUMENTATION_COMMENTS = YES;
				CLANG_WARN_EMPTY_BODY = YES;
				CLANG_WARN_ENUM_CONVERSION = YES;
				CLANG_WARN_INFINITE_RECURSION = YES;
				CLANG_WARN_INT_CONVERSION = YES;
				CLANG_WARN_NON_LITERAL_NULL_CONVERSION = YES;
				CLANG_WARN_OBJC_LITERAL_CONVERSION = YES;
				CLANG_WARN_OBJC_ROOT_CLASS = YES_ERROR;
				CLANG_WARN_RANGE_LOOP_ANALYSIS = YES;
				CLANG_WARN_STRICT_PROTOTYPES = YES;
				CLANG_WARN_SUSPICIOUS_MOVE = YES;
				CLANG_WARN_UNGUARDED_AVAILABILITY = YES_AGGRESSIVE;
				CLANG_WARN_UNREACHABLE_CODE = YES;
				CLANG_WARN__DUPLICATE_METHOD_MATCH = YES;
				CODE_SIGN_IDENTITY = "iPhone Developer";
				COPY_PHASE_STRIP = NO;
				DEBUG_INFORMATION_FORMAT = dwarf;
				ENABLE_STRICT_OBJC_MSGSEND = YES;
				ENABLE_TESTABILITY = YES;
				GCC_C_LANGUAGE_STANDARD = gnu11;
				GCC_DYNAMIC_NO_PIC = NO;
				GCC_NO_COMMON_BLOCKS = YES;
				GCC_OPTIMIZATION_LEVEL = 0;
				GCC_PREFIX_HEADER = /Users/bailing/Desktop/ZF_NBA2/ZF_NBA/PrefixHeader.pch;
				GCC_PREPROCESSOR_DEFINITIONS = (
					"DEBUG=1",
					"$(inherited)",
				);
				GCC_WARN_64_TO_32_BIT_CONVERSION = YES;
				GCC_WARN_ABOUT_RETURN_TYPE = YES_ERROR;
				GCC_WARN_UNDECLARED_SELECTOR = YES;
				GCC_WARN_UNINITIALIZED_AUTOS = YES_AGGRESSIVE;
				GCC_WARN_UNUSED_FUNCTION = YES;
				GCC_WARN_UNUSED_VARIABLE = YES;
				IPHONEOS_DEPLOYMENT_TARGET = 11.1;
				MTL_ENABLE_DEBUG_INFO = YES;
				ONLY_ACTIVE_ARCH = YES;
				SDKROOT = iphoneos;
			};
			name = Debug;
		};
		BFD6C9CB1FD5C5CF0056CC20 /* Release */ = {
			isa = XCBuildConfiguration;
			buildSettings = {
				ALWAYS_SEARCH_USER_PATHS = NO;
				CLANG_ANALYZER_NONNULL = YES;
				CLANG_ANALYZER_NUMBER_OBJECT_CONVERSION = YES_AGGRESSIVE;
				CLANG_CXX_LANGUAGE_STANDARD = "gnu++14";
				CLANG_CXX_LIBRARY = "libc++";
				CLANG_ENABLE_MODULES = YES;
				CLANG_ENABLE_OBJC_ARC = YES;
				CLANG_WARN_BLOCK_CAPTURE_AUTORELEASING = YES;
				CLANG_WARN_BOOL_CONVERSION = YES;
				CLANG_WARN_COMMA = YES;
				CLANG_WARN_CONSTANT_CONVERSION = YES;
				CLANG_WARN_DIRECT_OBJC_ISA_USAGE = YES_ERROR;
				CLANG_WARN_DOCUMENTATION_COMMENTS = YES;
				CLANG_WARN_EMPTY_BODY = YES;
				CLANG_WARN_ENUM_CONVERSION = YES;
				CLANG_WARN_INFINITE_RECURSION = YES;
				CLANG_WARN_INT_CONVERSION = YES;
				CLANG_WARN_NON_LITERAL_NULL_CONVERSION = YES;
				CLANG_WARN_OBJC_LITERAL_CONVERSION = YES;
				CLANG_WARN_OBJC_ROOT_CLASS = YES_ERROR;
				CLANG_WARN_RANGE_LOOP_ANALYSIS = YES;
				CLANG_WARN_STRICT_PROTOTYPES = YES;
				CLANG_WARN_SUSPICIOUS_MOVE = YES;
				CLANG_WARN_UNGUARDED_AVAILABILITY = YES_AGGRESSIVE;
				CLANG_WARN_UNREACHABLE_CODE = YES;
				CLANG_WARN__DUPLICATE_METHOD_MATCH = YES;
				CODE_SIGN_IDENTITY = "iPhone Developer";
				COPY_PHASE_STRIP = NO;
				DEBUG_INFORMATION_FORMAT = "dwarf-with-dsym";
				ENABLE_NS_ASSERTIONS = NO;
				ENABLE_STRICT_OBJC_MSGSEND = YES;
				GCC_C_LANGUAGE_STANDARD = gnu11;
				GCC_NO_COMMON_BLOCKS = YES;
				GCC_PREFIX_HEADER = /Users/bailing/Desktop/ZF_NBA2/ZF_NBA/PrefixHeader.pch;
				GCC_WARN_64_TO_32_BIT_CONVERSION = YES;
				GCC_WARN_ABOUT_RETURN_TYPE = YES_ERROR;
				GCC_WARN_UNDECLARED_SELECTOR = YES;
				GCC_WARN_UNINITIALIZED_AUTOS = YES_AGGRESSIVE;
				GCC_WARN_UNUSED_FUNCTION = YES;
				GCC_WARN_UNUSED_VARIABLE = YES;
				IPHONEOS_DEPLOYMENT_TARGET = 11.1;
				MTL_ENABLE_DEBUG_INFO = NO;
				SDKROOT = iphoneos;
				VALIDATE_PRODUCT = YES;
			};
			name = Release;
		};
		BFD6C9CD1FD5C5CF0056CC20 /* Debug */ = {
			isa = XCBuildConfiguration;
			baseConfigurationReference = 61BC4258355CE30D47BB43CD /* Pods-ZF_NBA.debug.xcconfig */;
			buildSettings = {
				ASSETCATALOG_COMPILER_APPICON_NAME = AppIcon;
				CODE_SIGN_STYLE = Automatic;
				DEVELOPMENT_TEAM = 3R48RV923F;
				GCC_PREFIX_HEADER = /Users/bailing/Desktop/ZF_NBA2/ZF_NBA/PrefixHeader.pch;
				INFOPLIST_FILE = ZF_NBA/Info.plist;
				IPHONEOS_DEPLOYMENT_TARGET = 9.0;
				LD_RUNPATH_SEARCH_PATHS = "$(inherited) @executable_path/Frameworks";
				PRODUCT_BUNDLE_IDENTIFIER = "com.bailing.ZF-NBA";
				PRODUCT_NAME = "$(TARGET_NAME)";
				TARGETED_DEVICE_FAMILY = "1,2";
			};
			name = Debug;
		};
		BFD6C9CE1FD5C5CF0056CC20 /* Release */ = {
			isa = XCBuildConfiguration;
			baseConfigurationReference = E9FD779D09A842627EB8497D /* Pods-ZF_NBA.release.xcconfig */;
			buildSettings = {
				ASSETCATALOG_COMPILER_APPICON_NAME = AppIcon;
				CODE_SIGN_STYLE = Automatic;
				DEVELOPMENT_TEAM = 3R48RV923F;
				GCC_PREFIX_HEADER = /Users/bailing/Desktop/ZF_NBA2/ZF_NBA/PrefixHeader.pch;
				INFOPLIST_FILE = ZF_NBA/Info.plist;
				IPHONEOS_DEPLOYMENT_TARGET = 9.0;
				LD_RUNPATH_SEARCH_PATHS = "$(inherited) @executable_path/Frameworks";
				PRODUCT_BUNDLE_IDENTIFIER = "com.bailing.ZF-NBA";
				PRODUCT_NAME = "$(TARGET_NAME)";
				TARGETED_DEVICE_FAMILY = "1,2";
			};
			name = Release;
		};
/* End XCBuildConfiguration section */

/* Begin XCConfigurationList section */
		BFD6C9B11FD5C5CF0056CC20 /* Build configuration list for PBXProject "ZF_NBA" */ = {
			isa = XCConfigurationList;
			buildConfigurations = (
				BFD6C9CA1FD5C5CF0056CC20 /* Debug */,
				BFD6C9CB1FD5C5CF0056CC20 /* Release */,
			);
			defaultConfigurationIsVisible = 0;
			defaultConfigurationName = Release;
		};
		BFD6C9CC1FD5C5CF0056CC20 /* Build configuration list for PBXNativeTarget "ZF_NBA" */ = {
			isa = XCConfigurationList;
			buildConfigurations = (
				BFD6C9CD1FD5C5CF0056CC20 /* Debug */,
				BFD6C9CE1FD5C5CF0056CC20 /* Release */,
			);
			defaultConfigurationIsVisible = 0;
			defaultConfigurationName = Release;
		};
/* End XCConfigurationList section */
	};
	rootObject = BFD6C9AE1FD5C5CF0056CC20 /* Project object */;
}
